// !$*UTF8*$!
{
	archiveVersion = 1;
	classes = {
	};
	objectVersion = 55;
	objects = {

/* Begin PBXBuildFile section */
		5819AF28284058CD00A949F6 /* AnimationApp.swift in Sources */ = {isa = PBXBuildFile; fileRef = 5819AF27284058CD00A949F6 /* AnimationApp.swift */; };
		5819AF2A284058CD00A949F6 /* ContentView.swift in Sources */ = {isa = PBXBuildFile; fileRef = 5819AF29284058CD00A949F6 /* ContentView.swift */; };
		5819AF2C284058CE00A949F6 /* Assets.xcassets in Resources */ = {isa = PBXBuildFile; fileRef = 5819AF2B284058CE00A949F6 /* Assets.xcassets */; };
		5819AF2F284058CE00A949F6 /* Preview Assets.xcassets in Resources */ = {isa = PBXBuildFile; fileRef = 5819AF2E284058CE00A949F6 /* Preview Assets.xcassets */; };
		5819AF3D2840592E00A949F6 /* house.riv in Resources */ = {isa = PBXBuildFile; fileRef = 5819AF362840592E00A949F6 /* house.riv */; };
		5819AF3E2840592E00A949F6 /* confetti.riv in Resources */ = {isa = PBXBuildFile; fileRef = 5819AF372840592E00A949F6 /* confetti.riv */; };
		5819AF3F2840592E00A949F6 /* check.riv in Resources */ = {isa = PBXBuildFile; fileRef = 5819AF382840592E00A949F6 /* check.riv */; };
		5819AF402840592E00A949F6 /* menu_button.riv in Resources */ = {isa = PBXBuildFile; fileRef = 5819AF392840592E00A949F6 /* menu_button.riv */; };
		5819AF412840592E00A949F6 /* shapes.riv in Resources */ = {isa = PBXBuildFile; fileRef = 5819AF3A2840592E00A949F6 /* shapes.riv */; };
		5819AF422840592E00A949F6 /* button.riv in Resources */ = {isa = PBXBuildFile; fileRef = 5819AF3B2840592E00A949F6 /* button.riv */; };
		5819AF432840592E00A949F6 /* icons.riv in Resources */ = {isa = PBXBuildFile; fileRef = 5819AF3C2840592E00A949F6 /* icons.riv */; };
		5819AF462840594900A949F6 /* RiveRuntime in Frameworks */ = {isa = PBXBuildFile; productRef = 5819AF452840594900A949F6 /* RiveRuntime */; };
		5819AF482840596B00A949F6 /* OnboardingView.swift in Sources */ = {isa = PBXBuildFile; fileRef = 5819AF472840596B00A949F6 /* OnboardingView.swift */; };
		5819AF4D2841B4B100A949F6 /* Inter-Regular.ttf in Resources */ = {isa = PBXBuildFile; fileRef = 5819AF4A2841B4B100A949F6 /* Inter-Regular.ttf */; };
		5819AF4E2841B4B100A949F6 /* Poppins-Bold.ttf in Resources */ = {isa = PBXBuildFile; fileRef = 5819AF4B2841B4B100A949F6 /* Poppins-Bold.ttf */; };
		5819AF4F2841B4B100A949F6 /* Inter-SemiBold.ttf in Resources */ = {isa = PBXBuildFile; fileRef = 5819AF4C2841B4B100A949F6 /* Inter-SemiBold.ttf */; };
		5819AF522841B78600A949F6 /* CustomFont.swift in Sources */ = {isa = PBXBuildFile; fileRef = 5819AF512841B78600A949F6 /* CustomFont.swift */; };
		5819AF542842736D00A949F6 /* SignInView.swift in Sources */ = {isa = PBXBuildFile; fileRef = 5819AF532842736D00A949F6 /* SignInView.swift */; };
		5819AF562842A73D00A949F6 /* CustomTextField.swift in Sources */ = {isa = PBXBuildFile; fileRef = 5819AF552842A73D00A949F6 /* CustomTextField.swift */; };
/* End PBXBuildFile section */

/* Begin PBXFileReference section */
		5819AF24284058CD00A949F6 /* Animation.app */ = {isa = PBXFileReference; explicitFileType = wrapper.application; includeInIndex = 0; path = Animation.app; sourceTree = BUILT_PRODUCTS_DIR; };
		5819AF27284058CD00A949F6 /* AnimationApp.swift */ = {isa = PBXFileReference; lastKnownFileType = sourcecode.swift; path = AnimationApp.swift; sourceTree = "<group>"; };
		5819AF29284058CD00A949F6 /* ContentView.swift */ = {isa = PBXFileReference; lastKnownFileType = sourcecode.swift; path = ContentView.swift; sourceTree = "<group>"; };
		5819AF2B284058CE00A949F6 /* Assets.xcassets */ = {isa = PBXFileReference; lastKnownFileType = folder.assetcatalog; path = Assets.xcassets; sourceTree = "<group>"; };
		5819AF2E284058CE00A949F6 /* Preview Assets.xcassets */ = {isa = PBXFileReference; lastKnownFileType = folder.assetcatalog; path = "Preview Assets.xcassets"; sourceTree = "<group>"; };
		5819AF362840592E00A949F6 /* house.riv */ = {isa = PBXFileReference; lastKnownFileType = file; path = house.riv; sourceTree = "<group>"; };
		5819AF372840592E00A949F6 /* confetti.riv */ = {isa = PBXFileReference; lastKnownFileType = file; path = confetti.riv; sourceTree = "<group>"; };
		5819AF382840592E00A949F6 /* check.riv */ = {isa = PBXFileReference; lastKnownFileType = file; path = check.riv; sourceTree = "<group>"; };
		5819AF392840592E00A949F6 /* menu_button.riv */ = {isa = PBXFileReference; lastKnownFileType = file; path = menu_button.riv; sourceTree = "<group>"; };
		5819AF3A2840592E00A949F6 /* shapes.riv */ = {isa = PBXFileReference; lastKnownFileType = file; path = shapes.riv; sourceTree = "<group>"; };
		5819AF3B2840592E00A949F6 /* button.riv */ = {isa = PBXFileReference; lastKnownFileType = file; path = button.riv; sourceTree = "<group>"; };
		5819AF3C2840592E00A949F6 /* icons.riv */ = {isa = PBXFileReference; lastKnownFileType = file; path = icons.riv; sourceTree = "<group>"; };
		5819AF472840596B00A949F6 /* OnboardingView.swift */ = {isa = PBXFileReference; lastKnownFileType = sourcecode.swift; path = OnboardingView.swift; sourceTree = "<group>"; };
		5819AF4A2841B4B100A949F6 /* Inter-Regular.ttf */ = {isa = PBXFileReference; lastKnownFileType = file; path = "Inter-Regular.ttf"; sourceTree = "<group>"; };
		5819AF4B2841B4B100A949F6 /* Poppins-Bold.ttf */ = {isa = PBXFileReference; lastKnownFileType = file; path = "Poppins-Bold.ttf"; sourceTree = "<group>"; };
		5819AF4C2841B4B100A949F6 /* Inter-SemiBold.ttf */ = {isa = PBXFileReference; lastKnownFileType = file; path = "Inter-SemiBold.ttf"; sourceTree = "<group>"; };
		5819AF502841B4E100A949F6 /* Info.plist */ = {isa = PBXFileReference; lastKnownFileType = text.plist; path = Info.plist; sourceTree = "<group>"; };
		5819AF512841B78600A949F6 /* CustomFont.swift */ = {isa = PBXFileReference; lastKnownFileType = sourcecode.swift; path = CustomFont.swift; sourceTree = "<group>"; };
		5819AF532842736D00A949F6 /* SignInView.swift */ = {isa = PBXFileReference; lastKnownFileType = sourcecode.swift; path = SignInView.swift; sourceTree = "<group>"; };
		5819AF552842A73D00A949F6 /* CustomTextField.swift */ = {isa = PBXFileReference; lastKnownFileType = sourcecode.swift; path = CustomTextField.swift; sourceTree = "<group>"; };
/* End PBXFileReference section */

/* Begin PBXFrameworksBuildPhase section */
		5819AF21284058CD00A949F6 /* Frameworks */ = {
			isa = PBXFrameworksBuildPhase;
			buildActionMask = 2147483647;
			files = (
				5819AF462840594900A949F6 /* RiveRuntime in Frameworks */,
			);
			runOnlyForDeploymentPostprocessing = 0;
		};
/* End PBXFrameworksBuildPhase section */

/* Begin PBXGroup section */
		5819AF1B284058CD00A949F6 = {
			isa = PBXGroup;
			children = (
				5819AF26284058CD00A949F6 /* Animation */,
				5819AF25284058CD00A949F6 /* Products */,
			);
			sourceTree = "<group>";
		};
		5819AF25284058CD00A949F6 /* Products */ = {
			isa = PBXGroup;
			children = (
				5819AF24284058CD00A949F6 /* Animation.app */,
			);
			name = Products;
			sourceTree = "<group>";
		};
		5819AF26284058CD00A949F6 /* Animation */ = {
			isa = PBXGroup;
			children = (
				5819AF502841B4E100A949F6 /* Info.plist */,
				5819AF27284058CD00A949F6 /* AnimationApp.swift */,
				5819AF29284058CD00A949F6 /* ContentView.swift */,
				5819AF472840596B00A949F6 /* OnboardingView.swift */,
				5819AF532842736D00A949F6 /* SignInView.swift */,
				5819AF552842A73D00A949F6 /* CustomTextField.swift */,
				5819AF512841B78600A949F6 /* CustomFont.swift */,
				5819AF2B284058CE00A949F6 /* Assets.xcassets */,
				5819AF492841B4B100A949F6 /* Fonts */,
				5819AF352840592E00A949F6 /* RiveAssets */,
				5819AF2D284058CE00A949F6 /* Preview Content */,
			);
			path = Animation;
			sourceTree = "<group>";
		};
		5819AF2D284058CE00A949F6 /* Preview Content */ = {
			isa = PBXGroup;
			children = (
				5819AF2E284058CE00A949F6 /* Preview Assets.xcassets */,
			);
			path = "Preview Content";
			sourceTree = "<group>";
		};
		5819AF352840592E00A949F6 /* RiveAssets */ = {
			isa = PBXGroup;
			children = (
				5819AF362840592E00A949F6 /* house.riv */,
				5819AF372840592E00A949F6 /* confetti.riv */,
				5819AF382840592E00A949F6 /* check.riv */,
				5819AF392840592E00A949F6 /* menu_button.riv */,
				5819AF3A2840592E00A949F6 /* shapes.riv */,
				5819AF3B2840592E00A949F6 /* button.riv */,
				5819AF3C2840592E00A949F6 /* icons.riv */,
			);
			path = RiveAssets;
			sourceTree = "<group>";
		};
		5819AF492841B4B100A949F6 /* Fonts */ = {
			isa = PBXGroup;
			children = (
				5819AF4A2841B4B100A949F6 /* Inter-Regular.ttf */,
				5819AF4B2841B4B100A949F6 /* Poppins-Bold.ttf */,
				5819AF4C2841B4B100A949F6 /* Inter-SemiBold.ttf */,
			);
			path = Fonts;
			sourceTree = "<group>";
		};
/* End PBXGroup section */

/* Begin PBXNativeTarget section */
		5819AF23284058CD00A949F6 /* Animation */ = {
			isa = PBXNativeTarget;
			buildConfigurationList = 5819AF32284058CE00A949F6 /* Build configuration list for PBXNativeTarget "Animation" */;
			buildPhases = (
				5819AF20284058CD00A949F6 /* Sources */,
				5819AF21284058CD00A949F6 /* Frameworks */,
				5819AF22284058CD00A949F6 /* Resources */,
			);
			buildRules = (
			);
			dependencies = (
			);
			name = Animation;
			packageProductDependencies = (
				5819AF452840594900A949F6 /* RiveRuntime */,
			);
			productName = Animation;
			productReference = 5819AF24284058CD00A949F6 /* Animation.app */;
			productType = "com.apple.product-type.application";
		};
/* End PBXNativeTarget section */

/* Begin PBXProject section */
		5819AF1C284058CD00A949F6 /* Project object */ = {
			isa = PBXProject;
			attributes = {
				BuildIndependentTargetsInParallel = 1;
				LastSwiftUpdateCheck = 1340;
				LastUpgradeCheck = 1340;
				TargetAttributes = {
					5819AF23284058CD00A949F6 = {
						CreatedOnToolsVersion = 13.4;
					};
				};
			};
			buildConfigurationList = 5819AF1F284058CD00A949F6 /* Build configuration list for PBXProject "Animation" */;
			compatibilityVersion = "Xcode 13.0";
			developmentRegion = en;
			hasScannedForEncodings = 0;
			knownRegions = (
				en,
				Base,
			);
			mainGroup = 5819AF1B284058CD00A949F6;
			packageReferences = (
				5819AF442840594900A949F6 /* XCRemoteSwiftPackageReference "rive-ios" */,
			);
			productRefGroup = 5819AF25284058CD00A949F6 /* Products */;
			projectDirPath = "";
			projectRoot = "";
			targets = (
				5819AF23284058CD00A949F6 /* Animation */,
			);
		};
/* End PBXProject section */

/* Begin PBXResourcesBuildPhase section */
		5819AF22284058CD00A949F6 /* Resources */ = {
			isa = PBXResourcesBuildPhase;
			buildActionMask = 2147483647;
			files = (
				5819AF4F2841B4B100A949F6 /* Inter-SemiBold.ttf in Resources */,
				5819AF412840592E00A949F6 /* shapes.riv in Resources */,
				5819AF3F2840592E00A949F6 /* check.riv in Resources */,
				5819AF2F284058CE00A949F6 /* Preview Assets.xcassets in Resources */,
				5819AF402840592E00A949F6 /* menu_button.riv in Resources */,
				5819AF3D2840592E00A949F6 /* house.riv in Resources */,
				5819AF422840592E00A949F6 /* button.riv in Resources */,
				5819AF4D2841B4B100A949F6 /* Inter-Regular.ttf in Resources */,
				5819AF4E2841B4B100A949F6 /* Poppins-Bold.ttf in Resources */,
				5819AF2C284058CE00A949F6 /* Assets.xcassets in Resources */,
				5819AF3E2840592E00A949F6 /* confetti.riv in Resources */,
				5819AF432840592E00A949F6 /* icons.riv in Resources */,
			);
			runOnlyForDeploymentPostprocessing = 0;
		};
/* End PBXResourcesBuildPhase section */

/* Begin PBXSourcesBuildPhase section */
		5819AF20284058CD00A949F6 /* Sources */ = {
			isa = PBXSourcesBuildPhase;
			buildActionMask = 2147483647;
			files = (
				5819AF482840596B00A949F6 /* OnboardingView.swift in Sources */,
				5819AF522841B78600A949F6 /* CustomFont.swift in Sources */,
				5819AF562842A73D00A949F6 /* CustomTextField.swift in Sources */,
				5819AF2A284058CD00A949F6 /* ContentView.swift in Sources */,
				5819AF28284058CD00A949F6 /* AnimationApp.swift in Sources */,
				5819AF542842736D00A949F6 /* SignInView.swift in Sources */,
			);
			runOnlyForDeploymentPostprocessing = 0;
		};
/* End PBXSourcesBuildPhase section */

/* Begin XCBuildConfiguration section */
		5819AF30284058CE00A949F6 /* Debug */ = {
			isa = XCBuildConfiguration;
			buildSettings = {
				ALWAYS_SEARCH_USER_PATHS = NO;
				CLANG_ANALYZER_NONNULL = YES;
				CLANG_ANALYZER_NUMBER_OBJECT_CONVERSION = YES_AGGRESSIVE;
				CLANG_CXX_LANGUAGE_STANDARD = "gnu++17";
				CLANG_ENABLE_MODULES = YES;
				CLANG_ENABLE_OBJC_ARC = YES;
				CLANG_ENABLE_OBJC_WEAK = YES;
				CLANG_WARN_BLOCK_CAPTURE_AUTORELEASING = YES;
				CLANG_WARN_BOOL_CONVERSION = YES;
				CLANG_WARN_COMMA = YES;
				CLANG_WARN_CONSTANT_CONVERSION = YES;
				CLANG_WARN_DEPRECATED_OBJC_IMPLEMENTATIONS = YES;
				CLANG_WARN_DIRECT_OBJC_ISA_USAGE = YES_ERROR;
				CLANG_WARN_DOCUMENTATION_COMMENTS = YES;
				CLANG_WARN_EMPTY_BODY = YES;
				CLANG_WARN_ENUM_CONVERSION = YES;
				CLANG_WARN_INFINITE_RECURSION = YES;
				CLANG_WARN_INT_CONVERSION = YES;
				CLANG_WARN_NON_LITERAL_NULL_CONVERSION = YES;
				CLANG_WARN_OBJC_IMPLICIT_RETAIN_SELF = YES;
				CLANG_WARN_OBJC_LITERAL_CONVERSION = YES;
				CLANG_WARN_OBJC_ROOT_CLASS = YES_ERROR;
				CLANG_WARN_QUOTED_INCLUDE_IN_FRAMEWORK_HEADER = YES;
				CLANG_WARN_RANGE_LOOP_ANALYSIS = YES;
				CLANG_WARN_STRICT_PROTOTYPES = YES;
				CLANG_WARN_SUSPICIOUS_MOVE = YES;
				CLANG_WARN_UNGUARDED_AVAILABILITY = YES_AGGRESSIVE;
				CLANG_WARN_UNREACHABLE_CODE = YES;
				CLANG_WARN__DUPLICATE_METHOD_MATCH = YES;
				COPY_PHASE_STRIP = NO;
				DEBUG_INFORMATION_FORMAT = dwarf;
				ENABLE_STRICT_OBJC_MSGSEND = YES;
				ENABLE_TESTABILITY = YES;
				GCC_C_LANGUAGE_STANDARD = gnu11;
				GCC_DYNAMIC_NO_PIC = NO;
				GCC_NO_COMMON_BLOCKS = YES;
				GCC_OPTIMIZATION_LEVEL = 0;
				GCC_PREPROCESSOR_DEFINITIONS = (
					"DEBUG=1",
					"$(inherited)",
				);
				GCC_WARN_64_TO_32_BIT_CONVERSION = YES;
				GCC_WARN_ABOUT_RETURN_TYPE = YES_ERROR;
				GCC_WARN_UNDECLARED_SELECTOR = YES;
				GCC_WARN_UNINITIALIZED_AUTOS = YES_AGGRESSIVE;
				GCC_WARN_UNUSED_FUNCTION = YES;
				GCC_WARN_UNUSED_VARIABLE = YES;
				IPHONEOS_DEPLOYMENT_TARGET = 15.5;
				MTL_ENABLE_DEBUG_INFO = INCLUDE_SOURCE;
				MTL_FAST_MATH = YES;
				ONLY_ACTIVE_ARCH = YES;
				SDKROOT = iphoneos;
				SWIFT_ACTIVE_COMPILATION_CONDITIONS = DEBUG;
				SWIFT_OPTIMIZATION_LEVEL = "-Onone";
			};
			name = Debug;
		};
		5819AF31284058CE00A949F6 /* Release */ = {
			isa = XCBuildConfiguration;
			buildSettings = {
				ALWAYS_SEARCH_USER_PATHS = NO;
				CLANG_ANALYZER_NONNULL = YES;
				CLANG_ANALYZER_NUMBER_OBJECT_CONVERSION = YES_AGGRESSIVE;
				CLANG_CXX_LANGUAGE_STANDARD = "gnu++17";
				CLANG_ENABLE_MODULES = YES;
				CLANG_ENABLE_OBJC_ARC = YES;
				CLANG_ENABLE_OBJC_WEAK = YES;
				CLANG_WARN_BLOCK_CAPTURE_AUTORELEASING = YES;
				CLANG_WARN_BOOL_CONVERSION = YES;
				CLANG_WARN_COMMA = YES;
				CLANG_WARN_CONSTANT_CONVERSION = YES;
				CLANG_WARN_DEPRECATED_OBJC_IMPLEMENTATIONS = YES;
				CLANG_WARN_DIRECT_OBJC_ISA_USAGE = YES_ERROR;
				CLANG_WARN_DOCUMENTATION_COMMENTS = YES;
				CLANG_WARN_EMPTY_BODY = YES;
				CLANG_WARN_ENUM_CONVERSION = YES;
				CLANG_WARN_INFINITE_RECURSION = YES;
				CLANG_WARN_INT_CONVERSION = YES;
				CLANG_WARN_NON_LITERAL_NULL_CONVERSION = YES;
				CLANG_WARN_OBJC_IMPLICIT_RETAIN_SELF = YES;
				CLANG_WARN_OBJC_LITERAL_CONVERSION = YES;
				CLANG_WARN_OBJC_ROOT_CLASS = YES_ERROR;
				CLANG_WARN_QUOTED_INCLUDE_IN_FRAMEWORK_HEADER = YES;
				CLANG_WARN_RANGE_LOOP_ANALYSIS = YES;
				CLANG_WARN_STRICT_PROTOTYPES = YES;
				CLANG_WARN_SUSPICIOUS_MOVE = YES;
				CLANG_WARN_UNGUARDED_AVAILABILITY = YES_AGGRESSIVE;
				CLANG_WARN_UNREACHABLE_CODE = YES;
				CLANG_WARN__DUPLICATE_METHOD_MATCH = YES;
				COPY_PHASE_STRIP = NO;
				DEBUG_INFORMATION_FORMAT = "dwarf-with-dsym";
				ENABLE_NS_ASSERTIONS = NO;
				ENABLE_STRICT_OBJC_MSGSEND = YES;
				GCC_C_LANGUAGE_STANDARD = gnu11;
				GCC_NO_COMMON_BLOCKS = YES;
				GCC_WARN_64_TO_32_BIT_CONVERSION = YES;
				GCC_WARN_ABOUT_RETURN_TYPE = YES_ERROR;
				GCC_WARN_UNDECLARED_SELECTOR = YES;
				GCC_WARN_UNINITIALIZED_AUTOS = YES_AGGRESSIVE;
				GCC_WARN_UNUSED_FUNCTION = YES;
				GCC_WARN_UNUSED_VARIABLE = YES;
				IPHONEOS_DEPLOYMENT_TARGET = 15.5;
				MTL_ENABLE_DEBUG_INFO = NO;
				MTL_FAST_MATH = YES;
				SDKROOT = iphoneos;
				SWIFT_COMPILATION_MODE = wholemodule;
				SWIFT_OPTIMIZATION_LEVEL = "-O";
				VALIDATE_PRODUCT = YES;
			};
			name = Release;
		};
		5819AF33284058CE00A949F6 /* Debug */ = {
			isa = XCBuildConfiguration;
			buildSettings = {
				ASSETCATALOG_COMPILER_APPICON_NAME = AppIcon;
				ASSETCATALOG_COMPILER_GLOBAL_ACCENT_COLOR_NAME = AccentColor;
				CODE_SIGN_STYLE = Automatic;
				CURRENT_PROJECT_VERSION = 1;
				DEVELOPMENT_ASSET_PATHS = "\"Animation/Preview Content\"";
				DEVELOPMENT_TEAM = R27EL9WB63;
				ENABLE_PREVIEWS = YES;
				GENERATE_INFOPLIST_FILE = YES;
				INFOPLIST_FILE = Animation/Info.plist;
				INFOPLIST_KEY_UIApplicationSceneManifest_Generation = YES;
				INFOPLIST_KEY_UIApplicationSupportsIndirectInputEvents = YES;
				INFOPLIST_KEY_UILaunchScreen_Generation = YES;
				INFOPLIST_KEY_UISupportedInterfaceOrientations_iPad = "UIInterfaceOrientationPortrait UIInterfaceOrientationPortraitUpsideDown UIInterfaceOrientationLandscapeLeft UIInterfaceOrientationLandscapeRight";
				INFOPLIST_KEY_UISupportedInterfaceOrientations_iPhone = "UIInterfaceOrientationPortrait UIInterfaceOrientationLandscapeLeft UIInterfaceOrientationLandscapeRight";
				LD_RUNPATH_SEARCH_PATHS = (
					"$(inherited)",
					"@executable_path/Frameworks",
				);
				MARKETING_VERSION = 1.0;
				PRODUCT_BUNDLE_IDENTIFIER = com.azmobiledev.Animation;
				PRODUCT_NAME = "$(TARGET_NAME)";
				SWIFT_EMIT_LOC_STRINGS = YES;
				SWIFT_VERSION = 5.0;
				TARGETED_DEVICE_FAMILY = "1,2";
			};
			name = Debug;
		};
		5819AF34284058CE00A949F6 /* Release */ = {
			isa = XCBuildConfiguration;
			buildSettings = {
				ASSETCATALOG_COMPILER_APPICON_NAME = AppIcon;
				ASSETCATALOG_COMPILER_GLOBAL_ACCENT_COLOR_NAME = AccentColor;
				CODE_SIGN_STYLE = Automatic;
				CURRENT_PROJECT_VERSION = 1;
				DEVELOPMENT_ASSET_PATHS = "\"Animation/Preview Content\"";
				DEVELOPMENT_TEAM = R27EL9WB63;
				ENABLE_PREVIEWS = YES;
				GENERATE_INFOPLIST_FILE = YES;
				INFOPLIST_FILE = Animation/Info.plist;
				INFOPLIST_KEY_UIApplicationSceneManifest_Generation = YES;
				INFOPLIST_KEY_UIApplicationSupportsIndirectInputEvents = YES;
				INFOPLIST_KEY_UILaunchScreen_Generation = YES;
				INFOPLIST_KEY_UISupportedInterfaceOrientations_iPad = "UIInterfaceOrientationPortrait UIInterfaceOrientationPortraitUpsideDown UIInterfaceOrientationLandscapeLeft UIInterfaceOrientationLandscapeRight";
				INFOPLIST_KEY_UISupportedInterfaceOrientations_iPhone = "UIInterfaceOrientationPortrait UIInterfaceOrientationLandscapeLeft UIInterfaceOrientationLandscapeRight";
				LD_RUNPATH_SEARCH_PATHS = (
					"$(inherited)",
					"@executable_path/Frameworks",
				);
				MARKETING_VERSION = 1.0;
				PRODUCT_BUNDLE_IDENTIFIER = com.azmobiledev.Animation;
				PRODUCT_NAME = "$(TARGET_NAME)";
				SWIFT_EMIT_LOC_STRINGS = YES;
				SWIFT_VERSION = 5.0;
				TARGETED_DEVICE_FAMILY = "1,2";
			};
			name = Release;
		};
/* End XCBuildConfiguration section */

/* Begin XCConfigurationList section */
		5819AF1F284058CD00A949F6 /* Build configuration list for PBXProject "Animation" */ = {
			isa = XCConfigurationList;
			buildConfigurations = (
				5819AF30284058CE00A949F6 /* Debug */,
				5819AF31284058CE00A949F6 /* Release */,
			);
			defaultConfigurationIsVisible = 0;
			defaultConfigurationName = Release;
		};
		5819AF32284058CE00A949F6 /* Build configuration list for PBXNativeTarget "Animation" */ = {
			isa = XCConfigurationList;
			buildConfigurations = (
				5819AF33284058CE00A949F6 /* Debug */,
				5819AF34284058CE00A949F6 /* Release */,
			);
			defaultConfigurationIsVisible = 0;
			defaultConfigurationName = Release;
		};
/* End XCConfigurationList section */

/* Begin XCRemoteSwiftPackageReference section */
		5819AF442840594900A949F6 /* XCRemoteSwiftPackageReference "rive-ios" */ = {
			isa = XCRemoteSwiftPackageReference;
			repositoryURL = "https://github.com/rive-app/rive-ios";
			requirement = {
				branch = main;
				kind = branch;
			};
		};
/* End XCRemoteSwiftPackageReference section */

/* Begin XCSwiftPackageProductDependency section */
		5819AF452840594900A949F6 /* RiveRuntime */ = {
			isa = XCSwiftPackageProductDependency;
			package = 5819AF442840594900A949F6 /* XCRemoteSwiftPackageReference "rive-ios" */;
			productName = RiveRuntime;
		};
/* End XCSwiftPackageProductDependency section */
	};
	rootObject = 5819AF1C284058CD00A949F6 /* Project object */;
}
